
Microsoft Visual Studio Solution File, Format Version 12.00
Project("{FAE04EC0-301F-11D3-BF4B-00C04F79EFBC}") = "ModelFirstMvvm", "ModelFirstMvvm\ModelFirstMvvm\ModelFirstMvvm.csproj", "{88D7433B-9AE1-4B38-BA20-9F8F612D0A17}"
EndProject
Project("{FAE04EC0-301F-11D3-BF4B-00C04F79EFBC}") = "ModelFirstMvvm.Android", "ModelFirstMvvm\ModelFirstMvvm.Android\ModelFirstMvvm.Android.csproj", "{95CE7B90-2663-41EF-AB56-19A6FD54E4CD}"
EndProject
Project("{FAE04EC0-301F-11D3-BF4B-00C04F79EFBC}") = "ModelFirstMvvm.iOS", "ModelFirstMvvm\ModelFirstMvvm.iOS\ModelFirstMvvm.iOS.csproj", "{67B7AD4A-97F4-4A0D-85E9-3B1F7E82B62D}"
EndProject
Project("{2150E333-8FDC-42A3-9474-1A3956D46DE8}") = "Platforms", "Platforms", "{72804C87-12D2-40BB-B328-C95FC4B94D6F}"
EndProject
Project("{2150E333-8FDC-42A3-9474-1A3956D46DE8}") = "Models", "Models", "{7C7A37A6-2363-4E6D-909D-9FCE794735E4}"
EndProject
Project("{2150E333-8FDC-42A3-9474-1A3956D46DE8}") = "ViewModels", "ViewModels", "{4EAA26B9-5245-4DB9-8AC5-5F18EEB76D45}"
EndProject
Project("{2150E333-8FDC-42A3-9474-1A3956D46DE8}") = "Utilities", "Utilities", "{907C0E27-1825-4ABD-A9E6-BD1D02A523F1}"
EndProject
Project("{FAE04EC0-301F-11D3-BF4B-00C04F79EFBC}") = "Models", "Models\Models.csproj", "{480C0A9C-4BBB-462A-AC43-9CE0BF6CAE71}"
EndProject
Project("{FAE04EC0-301F-11D3-BF4B-00C04F79EFBC}") = "Models.Test", "Models\Models.Test\Models.Test.csproj", "{51B23C5C-A3AB-4525-91CC-2703EDA6FACB}"
EndProject
Project("{FAE04EC0-301F-11D3-BF4B-00C04F79EFBC}") = "Utilities", "Utilities\Utilities.csproj", "{F301AB0D-E720-4A96-B1F9-29560C636621}"
EndProject
Project("{FAE04EC0-301F-11D3-BF4B-00C04F79EFBC}") = "Utilities.Test", "Utilities\Utilities.Test\Utilities.Test.csproj", "{8FE6DBCE-6A9A-435D-928C-E3AB7348BE09}"
EndProject
Project("{FAE04EC0-301F-11D3-BF4B-00C04F79EFBC}") = "ViewModels", "ViewModels\ViewModels.csproj", "{AE918537-4241-4205-90FB-8286406C90F3}"
EndProject
Project("{FAE04EC0-301F-11D3-BF4B-00C04F79EFBC}") = "ViewModels.Test", "ViewModels\ViewModels.Test\ViewModels.Test.csproj", "{B6C70EAA-D05F-4750-A7AC-92EEB97536AB}"
EndProject
Global
	GlobalSection(SolutionConfigurationPlatforms) = preSolution
		Ad-Hoc|iPhone = Ad-Hoc|iPhone
		AppStore|iPhone = AppStore|iPhone
		Debug|Any CPU = Debug|Any CPU
		Debug|iPhone = Debug|iPhone
		Debug|iPhoneSimulator = Debug|iPhoneSimulator
		Release|Any CPU = Release|Any CPU
		Release|iPhone = Release|iPhone
		Release|iPhoneSimulator = Release|iPhoneSimulator
	EndGlobalSection
	GlobalSection(ProjectConfigurationPlatforms) = postSolution
		{88D7433B-9AE1-4B38-BA20-9F8F612D0A17}.Ad-Hoc|iPhone.ActiveCfg = Debug|Any CPU
		{88D7433B-9AE1-4B38-BA20-9F8F612D0A17}.Ad-Hoc|iPhone.Build.0 = Debug|Any CPU
		{88D7433B-9AE1-4B38-BA20-9F8F612D0A17}.AppStore|iPhone.ActiveCfg = Debug|Any CPU
		{88D7433B-9AE1-4B38-BA20-9F8F612D0A17}.AppStore|iPhone.Build.0 = Debug|Any CPU
		{88D7433B-9AE1-4B38-BA20-9F8F612D0A17}.Debug|Any CPU.ActiveCfg = Debug|Any CPU
		{88D7433B-9AE1-4B38-BA20-9F8F612D0A17}.Debug|Any CPU.Build.0 = Debug|Any CPU
		{88D7433B-9AE1-4B38-BA20-9F8F612D0A17}.Debug|iPhone.ActiveCfg = Debug|Any CPU
		{88D7433B-9AE1-4B38-BA20-9F8F612D0A17}.Debug|iPhone.Build.0 = Debug|Any CPU
		{88D7433B-9AE1-4B38-BA20-9F8F612D0A17}.Debug|iPhoneSimulator.ActiveCfg = Debug|Any CPU
		{88D7433B-9AE1-4B38-BA20-9F8F612D0A17}.Debug|iPhoneSimulator.Build.0 = Debug|Any CPU
		{88D7433B-9AE1-4B38-BA20-9F8F612D0A17}.Release|Any CPU.ActiveCfg = Release|Any CPU
		{88D7433B-9AE1-4B38-BA20-9F8F612D0A17}.Release|Any CPU.Build.0 = Release|Any CPU
		{88D7433B-9AE1-4B38-BA20-9F8F612D0A17}.Release|iPhone.ActiveCfg = Release|Any CPU
		{88D7433B-9AE1-4B38-BA20-9F8F612D0A17}.Release|iPhone.Build.0 = Release|Any CPU
		{88D7433B-9AE1-4B38-BA20-9F8F612D0A17}.Release|iPhoneSimulator.ActiveCfg = Release|Any CPU
		{88D7433B-9AE1-4B38-BA20-9F8F612D0A17}.Release|iPhoneSimulator.Build.0 = Release|Any CPU
		{95CE7B90-2663-41EF-AB56-19A6FD54E4CD}.Ad-Hoc|iPhone.ActiveCfg = Debug|Any CPU
		{95CE7B90-2663-41EF-AB56-19A6FD54E4CD}.Ad-Hoc|iPhone.Build.0 = Debug|Any CPU
		{95CE7B90-2663-41EF-AB56-19A6FD54E4CD}.Ad-Hoc|iPhone.Deploy.0 = Debug|Any CPU
		{95CE7B90-2663-41EF-AB56-19A6FD54E4CD}.AppStore|iPhone.ActiveCfg = Debug|Any CPU
		{95CE7B90-2663-41EF-AB56-19A6FD54E4CD}.AppStore|iPhone.Build.0 = Debug|Any CPU
		{95CE7B90-2663-41EF-AB56-19A6FD54E4CD}.AppStore|iPhone.Deploy.0 = Debug|Any CPU
		{95CE7B90-2663-41EF-AB56-19A6FD54E4CD}.Debug|Any CPU.ActiveCfg = Debug|Any CPU
		{95CE7B90-2663-41EF-AB56-19A6FD54E4CD}.Debug|Any CPU.Build.0 = Debug|Any CPU
		{95CE7B90-2663-41EF-AB56-19A6FD54E4CD}.Debug|Any CPU.Deploy.0 = Debug|Any CPU
		{95CE7B90-2663-41EF-AB56-19A6FD54E4CD}.Debug|iPhone.ActiveCfg = Debug|Any CPU
		{95CE7B90-2663-41EF-AB56-19A6FD54E4CD}.Debug|iPhone.Build.0 = Debug|Any CPU
		{95CE7B90-2663-41EF-AB56-19A6FD54E4CD}.Debug|iPhone.Deploy.0 = Debug|Any CPU
		{95CE7B90-2663-41EF-AB56-19A6FD54E4CD}.Debug|iPhoneSimulator.ActiveCfg = Debug|Any CPU
		{95CE7B90-2663-41EF-AB56-19A6FD54E4CD}.Debug|iPhoneSimulator.Build.0 = Debug|Any CPU
		{95CE7B90-2663-41EF-AB56-19A6FD54E4CD}.Debug|iPhoneSimulator.Deploy.0 = Debug|Any CPU
		{95CE7B90-2663-41EF-AB56-19A6FD54E4CD}.Release|Any CPU.ActiveCfg = Release|Any CPU
		{95CE7B90-2663-41EF-AB56-19A6FD54E4CD}.Release|Any CPU.Build.0 = Release|Any CPU
		{95CE7B90-2663-41EF-AB56-19A6FD54E4CD}.Release|Any CPU.Deploy.0 = Release|Any CPU
		{95CE7B90-2663-41EF-AB56-19A6FD54E4CD}.Release|iPhone.ActiveCfg = Release|Any CPU
		{95CE7B90-2663-41EF-AB56-19A6FD54E4CD}.Release|iPhone.Build.0 = Release|Any CPU
		{95CE7B90-2663-41EF-AB56-19A6FD54E4CD}.Release|iPhone.Deploy.0 = Release|Any CPU
		{95CE7B90-2663-41EF-AB56-19A6FD54E4CD}.Release|iPhoneSimulator.ActiveCfg = Release|Any CPU
		{95CE7B90-2663-41EF-AB56-19A6FD54E4CD}.Release|iPhoneSimulator.Build.0 = Release|Any CPU
		{95CE7B90-2663-41EF-AB56-19A6FD54E4CD}.Release|iPhoneSimulator.Deploy.0 = Release|Any CPU
		{67B7AD4A-97F4-4A0D-85E9-3B1F7E82B62D}.Ad-Hoc|iPhone.ActiveCfg = Ad-Hoc|iPhone
		{67B7AD4A-97F4-4A0D-85E9-3B1F7E82B62D}.Ad-Hoc|iPhone.Build.0 = Ad-Hoc|iPhone
		{67B7AD4A-97F4-4A0D-85E9-3B1F7E82B62D}.Ad-Hoc|iPhone.Deploy.0 = Ad-Hoc|iPhone
		{67B7AD4A-97F4-4A0D-85E9-3B1F7E82B62D}.AppStore|iPhone.ActiveCfg = AppStore|iPhone
		{67B7AD4A-97F4-4A0D-85E9-3B1F7E82B62D}.AppStore|iPhone.Build.0 = AppStore|iPhone
		{67B7AD4A-97F4-4A0D-85E9-3B1F7E82B62D}.AppStore|iPhone.Deploy.0 = AppStore|iPhone
		{67B7AD4A-97F4-4A0D-85E9-3B1F7E82B62D}.Debug|Any CPU.ActiveCfg = Debug|iPhoneSimulator
		{67B7AD4A-97F4-4A0D-85E9-3B1F7E82B62D}.Debug|Any CPU.Build.0 = Debug|iPhoneSimulator
		{67B7AD4A-97F4-4A0D-85E9-3B1F7E82B62D}.Debug|Any CPU.Deploy.0 = Debug|iPhoneSimulator
		{67B7AD4A-97F4-4A0D-85E9-3B1F7E82B62D}.Debug|iPhone.ActiveCfg = Debug|iPhone
		{67B7AD4A-97F4-4A0D-85E9-3B1F7E82B62D}.Debug|iPhone.Build.0 = Debug|iPhone
		{67B7AD4A-97F4-4A0D-85E9-3B1F7E82B62D}.Debug|iPhone.Deploy.0 = Debug|iPhone
		{67B7AD4A-97F4-4A0D-85E9-3B1F7E82B62D}.Debug|iPhoneSimulator.ActiveCfg = Debug|iPhoneSimulator
		{67B7AD4A-97F4-4A0D-85E9-3B1F7E82B62D}.Debug|iPhoneSimulator.Build.0 = Debug|iPhoneSimulator
		{67B7AD4A-97F4-4A0D-85E9-3B1F7E82B62D}.Debug|iPhoneSimulator.Deploy.0 = Debug|iPhoneSimulator
		{67B7AD4A-97F4-4A0D-85E9-3B1F7E82B62D}.Release|Any CPU.ActiveCfg = Release|iPhoneSimulator
		{67B7AD4A-97F4-4A0D-85E9-3B1F7E82B62D}.Release|Any CPU.Build.0 = Release|iPhoneSimulator
		{67B7AD4A-97F4-4A0D-85E9-3B1F7E82B62D}.Release|Any CPU.Deploy.0 = Release|iPhoneSimulator
		{67B7AD4A-97F4-4A0D-85E9-3B1F7E82B62D}.Release|iPhone.ActiveCfg = Release|iPhone
		{67B7AD4A-97F4-4A0D-85E9-3B1F7E82B62D}.Release|iPhone.Build.0 = Release|iPhone
		{67B7AD4A-97F4-4A0D-85E9-3B1F7E82B62D}.Release|iPhone.Deploy.0 = Release|iPhone
		{67B7AD4A-97F4-4A0D-85E9-3B1F7E82B62D}.Release|iPhoneSimulator.ActiveCfg = Release|iPhoneSimulator
		{67B7AD4A-97F4-4A0D-85E9-3B1F7E82B62D}.Release|iPhoneSimulator.Build.0 = Release|iPhoneSimulator
		{67B7AD4A-97F4-4A0D-85E9-3B1F7E82B62D}.Release|iPhoneSimulator.Deploy.0 = Release|iPhoneSimulator
		{480C0A9C-4BBB-462A-AC43-9CE0BF6CAE71}.Ad-Hoc|iPhone.ActiveCfg = Debug|Any CPU
		{480C0A9C-4BBB-462A-AC43-9CE0BF6CAE71}.Ad-Hoc|iPhone.Build.0 = Debug|Any CPU
		{480C0A9C-4BBB-462A-AC43-9CE0BF6CAE71}.AppStore|iPhone.ActiveCfg = Debug|Any CPU
		{480C0A9C-4BBB-462A-AC43-9CE0BF6CAE71}.AppStore|iPhone.Build.0 = Debug|Any CPU
		{480C0A9C-4BBB-462A-AC43-9CE0BF6CAE71}.Debug|Any CPU.ActiveCfg = Debug|Any CPU
		{480C0A9C-4BBB-462A-AC43-9CE0BF6CAE71}.Debug|Any CPU.Build.0 = Debug|Any CPU
		{480C0A9C-4BBB-462A-AC43-9CE0BF6CAE71}.Debug|iPhone.ActiveCfg = Debug|Any CPU
		{480C0A9C-4BBB-462A-AC43-9CE0BF6CAE71}.Debug|iPhone.Build.0 = Debug|Any CPU
		{480C0A9C-4BBB-462A-AC43-9CE0BF6CAE71}.Debug|iPhoneSimulator.ActiveCfg = Debug|Any CPU
		{480C0A9C-4BBB-462A-AC43-9CE0BF6CAE71}.Debug|iPhoneSimulator.Build.0 = Debug|Any CPU
		{480C0A9C-4BBB-462A-AC43-9CE0BF6CAE71}.Release|Any CPU.ActiveCfg = Release|Any CPU
		{480C0A9C-4BBB-462A-AC43-9CE0BF6CAE71}.Release|Any CPU.Build.0 = Release|Any CPU
		{480C0A9C-4BBB-462A-AC43-9CE0BF6CAE71}.Release|iPhone.ActiveCfg = Release|Any CPU
		{480C0A9C-4BBB-462A-AC43-9CE0BF6CAE71}.Release|iPhone.Build.0 = Release|Any CPU
		{480C0A9C-4BBB-462A-AC43-9CE0BF6CAE71}.Release|iPhoneSimulator.ActiveCfg = Release|Any CPU
		{480C0A9C-4BBB-462A-AC43-9CE0BF6CAE71}.Release|iPhoneSimulator.Build.0 = Release|Any CPU
		{51B23C5C-A3AB-4525-91CC-2703EDA6FACB}.Ad-Hoc|iPhone.ActiveCfg = Debug|Any CPU
		{51B23C5C-A3AB-4525-91CC-2703EDA6FACB}.Ad-Hoc|iPhone.Build.0 = Debug|Any CPU
		{51B23C5C-A3AB-4525-91CC-2703EDA6FACB}.AppStore|iPhone.ActiveCfg = Debug|Any CPU
		{51B23C5C-A3AB-4525-91CC-2703EDA6FACB}.AppStore|iPhone.Build.0 = Debug|Any CPU
		{51B23C5C-A3AB-4525-91CC-2703EDA6FACB}.Debug|Any CPU.ActiveCfg = Debug|Any CPU
		{51B23C5C-A3AB-4525-91CC-2703EDA6FACB}.Debug|Any CPU.Build.0 = Debug|Any CPU
		{51B23C5C-A3AB-4525-91CC-2703EDA6FACB}.Debug|iPhone.ActiveCfg = Debug|Any CPU
		{51B23C5C-A3AB-4525-91CC-2703EDA6FACB}.Debug|iPhone.Build.0 = Debug|Any CPU
		{51B23C5C-A3AB-4525-91CC-2703EDA6FACB}.Debug|iPhoneSimulator.ActiveCfg = Debug|Any CPU
		{51B23C5C-A3AB-4525-91CC-2703EDA6FACB}.Debug|iPhoneSimulator.Build.0 = Debug|Any CPU
		{51B23C5C-A3AB-4525-91CC-2703EDA6FACB}.Release|Any CPU.ActiveCfg = Release|Any CPU
		{51B23C5C-A3AB-4525-91CC-2703EDA6FACB}.Release|Any CPU.Build.0 = Release|Any CPU
		{51B23C5C-A3AB-4525-91CC-2703EDA6FACB}.Release|iPhone.ActiveCfg = Release|Any CPU
		{51B23C5C-A3AB-4525-91CC-2703EDA6FACB}.Release|iPhone.Build.0 = Release|Any CPU
		{51B23C5C-A3AB-4525-91CC-2703EDA6FACB}.Release|iPhoneSimulator.ActiveCfg = Release|Any CPU
		{51B23C5C-A3AB-4525-91CC-2703EDA6FACB}.Release|iPhoneSimulator.Build.0 = Release|Any CPU
		{F301AB0D-E720-4A96-B1F9-29560C636621}.Ad-Hoc|iPhone.ActiveCfg = Debug|Any CPU
		{F301AB0D-E720-4A96-B1F9-29560C636621}.Ad-Hoc|iPhone.Build.0 = Debug|Any CPU
		{F301AB0D-E720-4A96-B1F9-29560C636621}.AppStore|iPhone.ActiveCfg = Debug|Any CPU
		{F301AB0D-E720-4A96-B1F9-29560C636621}.AppStore|iPhone.Build.0 = Debug|Any CPU
		{F301AB0D-E720-4A96-B1F9-29560C636621}.Debug|Any CPU.ActiveCfg = Debug|Any CPU
		{F301AB0D-E720-4A96-B1F9-29560C636621}.Debug|Any CPU.Build.0 = Debug|Any CPU
		{F301AB0D-E720-4A96-B1F9-29560C636621}.Debug|iPhone.ActiveCfg = Debug|Any CPU
		{F301AB0D-E720-4A96-B1F9-29560C636621}.Debug|iPhone.Build.0 = Debug|Any CPU
		{F301AB0D-E720-4A96-B1F9-29560C636621}.Debug|iPhoneSimulator.ActiveCfg = Debug|Any CPU
		{F301AB0D-E720-4A96-B1F9-29560C636621}.Debug|iPhoneSimulator.Build.0 = Debug|Any CPU
		{F301AB0D-E720-4A96-B1F9-29560C636621}.Release|Any CPU.ActiveCfg = Release|Any CPU
		{F301AB0D-E720-4A96-B1F9-29560C636621}.Release|Any CPU.Build.0 = Release|Any CPU
		{F301AB0D-E720-4A96-B1F9-29560C636621}.Release|iPhone.ActiveCfg = Release|Any CPU
		{F301AB0D-E720-4A96-B1F9-29560C636621}.Release|iPhone.Build.0 = Release|Any CPU
		{F301AB0D-E720-4A96-B1F9-29560C636621}.Release|iPhoneSimulator.ActiveCfg = Release|Any CPU
		{F301AB0D-E720-4A96-B1F9-29560C636621}.Release|iPhoneSimulator.Build.0 = Release|Any CPU
		{8FE6DBCE-6A9A-435D-928C-E3AB7348BE09}.Ad-Hoc|iPhone.ActiveCfg = Debug|Any CPU
		{8FE6DBCE-6A9A-435D-928C-E3AB7348BE09}.Ad-Hoc|iPhone.Build.0 = Debug|Any CPU
		{8FE6DBCE-6A9A-435D-928C-E3AB7348BE09}.AppStore|iPhone.ActiveCfg = Debug|Any CPU
		{8FE6DBCE-6A9A-435D-928C-E3AB7348BE09}.AppStore|iPhone.Build.0 = Debug|Any CPU
		{8FE6DBCE-6A9A-435D-928C-E3AB7348BE09}.Debug|Any CPU.ActiveCfg = Debug|Any CPU
		{8FE6DBCE-6A9A-435D-928C-E3AB7348BE09}.Debug|Any CPU.Build.0 = Debug|Any CPU
		{8FE6DBCE-6A9A-435D-928C-E3AB7348BE09}.Debug|iPhone.ActiveCfg = Debug|Any CPU
		{8FE6DBCE-6A9A-435D-928C-E3AB7348BE09}.Debug|iPhone.Build.0 = Debug|Any CPU
		{8FE6DBCE-6A9A-435D-928C-E3AB7348BE09}.Debug|iPhoneSimulator.ActiveCfg = Debug|Any CPU
		{8FE6DBCE-6A9A-435D-928C-E3AB7348BE09}.Debug|iPhoneSimulator.Build.0 = Debug|Any CPU
		{8FE6DBCE-6A9A-435D-928C-E3AB7348BE09}.Release|Any CPU.ActiveCfg = Release|Any CPU
		{8FE6DBCE-6A9A-435D-928C-E3AB7348BE09}.Release|Any CPU.Build.0 = Release|Any CPU
		{8FE6DBCE-6A9A-435D-928C-E3AB7348BE09}.Release|iPhone.ActiveCfg = Release|Any CPU
		{8FE6DBCE-6A9A-435D-928C-E3AB7348BE09}.Release|iPhone.Build.0 = Release|Any CPU
		{8FE6DBCE-6A9A-435D-928C-E3AB7348BE09}.Release|iPhoneSimulator.ActiveCfg = Release|Any CPU
		{8FE6DBCE-6A9A-435D-928C-E3AB7348BE09}.Release|iPhoneSimulator.Build.0 = Release|Any CPU
		{AE918537-4241-4205-90FB-8286406C90F3}.Ad-Hoc|iPhone.ActiveCfg = Debug|Any CPU
		{AE918537-4241-4205-90FB-8286406C90F3}.Ad-Hoc|iPhone.Build.0 = Debug|Any CPU
		{AE918537-4241-4205-90FB-8286406C90F3}.AppStore|iPhone.ActiveCfg = Debug|Any CPU
		{AE918537-4241-4205-90FB-8286406C90F3}.AppStore|iPhone.Build.0 = Debug|Any CPU
		{AE918537-4241-4205-90FB-8286406C90F3}.Debug|Any CPU.ActiveCfg = Debug|Any CPU
		{AE918537-4241-4205-90FB-8286406C90F3}.Debug|Any CPU.Build.0 = Debug|Any CPU
		{AE918537-4241-4205-90FB-8286406C90F3}.Debug|iPhone.ActiveCfg = Debug|Any CPU
		{AE918537-4241-4205-90FB-8286406C90F3}.Debug|iPhone.Build.0 = Debug|Any CPU
		{AE918537-4241-4205-90FB-8286406C90F3}.Debug|iPhoneSimulator.ActiveCfg = Debug|Any CPU
		{AE918537-4241-4205-90FB-8286406C90F3}.Debug|iPhoneSimulator.Build.0 = Debug|Any CPU
		{AE918537-4241-4205-90FB-8286406C90F3}.Release|Any CPU.ActiveCfg = Release|Any CPU
		{AE918537-4241-4205-90FB-8286406C90F3}.Release|Any CPU.Build.0 = Release|Any CPU
		{AE918537-4241-4205-90FB-8286406C90F3}.Release|iPhone.ActiveCfg = Release|Any CPU
		{AE918537-4241-4205-90FB-8286406C90F3}.Release|iPhone.Build.0 = Release|Any CPU
		{AE918537-4241-4205-90FB-8286406C90F3}.Release|iPhoneSimulator.ActiveCfg = Release|Any CPU
		{AE918537-4241-4205-90FB-8286406C90F3}.Release|iPhoneSimulator.Build.0 = Release|Any CPU
		{B6C70EAA-D05F-4750-A7AC-92EEB97536AB}.Ad-Hoc|iPhone.ActiveCfg = Debug|Any CPU
		{B6C70EAA-D05F-4750-A7AC-92EEB97536AB}.Ad-Hoc|iPhone.Build.0 = Debug|Any CPU
		{B6C70EAA-D05F-4750-A7AC-92EEB97536AB}.AppStore|iPhone.ActiveCfg = Debug|Any CPU
		{B6C70EAA-D05F-4750-A7AC-92EEB97536AB}.AppStore|iPhone.Build.0 = Debug|Any CPU
		{B6C70EAA-D05F-4750-A7AC-92EEB97536AB}.Debug|Any CPU.ActiveCfg = Debug|Any CPU
		{B6C70EAA-D05F-4750-A7AC-92EEB97536AB}.Debug|Any CPU.Build.0 = Debug|Any CPU
		{B6C70EAA-D05F-4750-A7AC-92EEB97536AB}.Debug|iPhone.ActiveCfg = Debug|Any CPU
		{B6C70EAA-D05F-4750-A7AC-92EEB97536AB}.Debug|iPhone.Build.0 = Debug|Any CPU
		{B6C70EAA-D05F-4750-A7AC-92EEB97536AB}.Debug|iPhoneSimulator.ActiveCfg = Debug|Any CPU
		{B6C70EAA-D05F-4750-A7AC-92EEB97536AB}.Debug|iPhoneSimulator.Build.0 = Debug|Any CPU
		{B6C70EAA-D05F-4750-A7AC-92EEB97536AB}.Release|Any CPU.ActiveCfg = Release|Any CPU
		{B6C70EAA-D05F-4750-A7AC-92EEB97536AB}.Release|Any CPU.Build.0 = Release|Any CPU
		{B6C70EAA-D05F-4750-A7AC-92EEB97536AB}.Release|iPhone.ActiveCfg = Release|Any CPU
		{B6C70EAA-D05F-4750-A7AC-92EEB97536AB}.Release|iPhone.Build.0 = Release|Any CPU
		{B6C70EAA-D05F-4750-A7AC-92EEB97536AB}.Release|iPhoneSimulator.ActiveCfg = Release|Any CPU
		{B6C70EAA-D05F-4750-A7AC-92EEB97536AB}.Release|iPhoneSimulator.Build.0 = Release|Any CPU
	EndGlobalSection
	GlobalSection(NestedProjects) = preSolution
		{88D7433B-9AE1-4B38-BA20-9F8F612D0A17} = {72804C87-12D2-40BB-B328-C95FC4B94D6F}
		{95CE7B90-2663-41EF-AB56-19A6FD54E4CD} = {72804C87-12D2-40BB-B328-C95FC4B94D6F}
		{67B7AD4A-97F4-4A0D-85E9-3B1F7E82B62D} = {72804C87-12D2-40BB-B328-C95FC4B94D6F}
		{480C0A9C-4BBB-462A-AC43-9CE0BF6CAE71} = {7C7A37A6-2363-4E6D-909D-9FCE794735E4}
		{51B23C5C-A3AB-4525-91CC-2703EDA6FACB} = {7C7A37A6-2363-4E6D-909D-9FCE794735E4}
		{F301AB0D-E720-4A96-B1F9-29560C636621} = {907C0E27-1825-4ABD-A9E6-BD1D02A523F1}
		{8FE6DBCE-6A9A-435D-928C-E3AB7348BE09} = {907C0E27-1825-4ABD-A9E6-BD1D02A523F1}
		{AE918537-4241-4205-90FB-8286406C90F3} = {4EAA26B9-5245-4DB9-8AC5-5F18EEB76D45}
		{B6C70EAA-D05F-4750-A7AC-92EEB97536AB} = {4EAA26B9-5245-4DB9-8AC5-5F18EEB76D45}
	EndGlobalSection
EndGlobal
