
Microsoft Visual Studio Solution File, Format Version 12.00
Project("{FAE04EC0-301F-11D3-BF4B-00C04F79EFBC}") = "CarouselBinding", "CarouselBinding\CarouselBinding.csproj", "{C97558F9-CC8B-4D1C-ADFE-C19B89EC5285}"
EndProject
Project("{FAE04EC0-301F-11D3-BF4B-00C04F79EFBC}") = "CarouselBinding.Android", "CarouselBinding.Android\CarouselBinding.Android.csproj", "{4708D9A8-558C-4CF5-BFB3-B42032287C4B}"
EndProject
Project("{FAE04EC0-301F-11D3-BF4B-00C04F79EFBC}") = "CarouselBinding.iOS", "CarouselBinding.iOS\CarouselBinding.iOS.csproj", "{6E43523C-8FD3-4AEF-BC05-B493D83B90C9}"
EndProject
Project("{FAE04EC0-301F-11D3-BF4B-00C04F79EFBC}") = "CarouselBinding.Core", "CarouselBinding.Core\CarouselBinding.Core.csproj", "{F93E8290-9E03-48CD-B3BF-ACBA11E1C11F}"
EndProject
Global
	GlobalSection(SolutionConfigurationPlatforms) = preSolution
		Ad-Hoc|iPhone = Ad-Hoc|iPhone
		AppStore|iPhone = AppStore|iPhone
		Debug|Any CPU = Debug|Any CPU
		Debug|iPhone = Debug|iPhone
		Debug|iPhoneSimulator = Debug|iPhoneSimulator
		Release|Any CPU = Release|Any CPU
		Release|iPhone = Release|iPhone
		Release|iPhoneSimulator = Release|iPhoneSimulator
	EndGlobalSection
	GlobalSection(ProjectConfigurationPlatforms) = postSolution
		{C97558F9-CC8B-4D1C-ADFE-C19B89EC5285}.Ad-Hoc|iPhone.ActiveCfg = Debug|Any CPU
		{C97558F9-CC8B-4D1C-ADFE-C19B89EC5285}.Ad-Hoc|iPhone.Build.0 = Debug|Any CPU
		{C97558F9-CC8B-4D1C-ADFE-C19B89EC5285}.AppStore|iPhone.ActiveCfg = Debug|Any CPU
		{C97558F9-CC8B-4D1C-ADFE-C19B89EC5285}.AppStore|iPhone.Build.0 = Debug|Any CPU
		{C97558F9-CC8B-4D1C-ADFE-C19B89EC5285}.Debug|Any CPU.ActiveCfg = Debug|Any CPU
		{C97558F9-CC8B-4D1C-ADFE-C19B89EC5285}.Debug|Any CPU.Build.0 = Debug|Any CPU
		{C97558F9-CC8B-4D1C-ADFE-C19B89EC5285}.Debug|iPhone.ActiveCfg = Debug|Any CPU
		{C97558F9-CC8B-4D1C-ADFE-C19B89EC5285}.Debug|iPhone.Build.0 = Debug|Any CPU
		{C97558F9-CC8B-4D1C-ADFE-C19B89EC5285}.Debug|iPhoneSimulator.ActiveCfg = Debug|Any CPU
		{C97558F9-CC8B-4D1C-ADFE-C19B89EC5285}.Debug|iPhoneSimulator.Build.0 = Debug|Any CPU
		{C97558F9-CC8B-4D1C-ADFE-C19B89EC5285}.Release|Any CPU.ActiveCfg = Release|Any CPU
		{C97558F9-CC8B-4D1C-ADFE-C19B89EC5285}.Release|Any CPU.Build.0 = Release|Any CPU
		{C97558F9-CC8B-4D1C-ADFE-C19B89EC5285}.Release|iPhone.ActiveCfg = Release|Any CPU
		{C97558F9-CC8B-4D1C-ADFE-C19B89EC5285}.Release|iPhone.Build.0 = Release|Any CPU
		{C97558F9-CC8B-4D1C-ADFE-C19B89EC5285}.Release|iPhoneSimulator.ActiveCfg = Release|Any CPU
		{C97558F9-CC8B-4D1C-ADFE-C19B89EC5285}.Release|iPhoneSimulator.Build.0 = Release|Any CPU
		{4708D9A8-558C-4CF5-BFB3-B42032287C4B}.Ad-Hoc|iPhone.ActiveCfg = Debug|Any CPU
		{4708D9A8-558C-4CF5-BFB3-B42032287C4B}.Ad-Hoc|iPhone.Build.0 = Debug|Any CPU
		{4708D9A8-558C-4CF5-BFB3-B42032287C4B}.Ad-Hoc|iPhone.Deploy.0 = Debug|Any CPU
		{4708D9A8-558C-4CF5-BFB3-B42032287C4B}.AppStore|iPhone.ActiveCfg = Debug|Any CPU
		{4708D9A8-558C-4CF5-BFB3-B42032287C4B}.AppStore|iPhone.Build.0 = Debug|Any CPU
		{4708D9A8-558C-4CF5-BFB3-B42032287C4B}.AppStore|iPhone.Deploy.0 = Debug|Any CPU
		{4708D9A8-558C-4CF5-BFB3-B42032287C4B}.Debug|Any CPU.ActiveCfg = Debug|Any CPU
		{4708D9A8-558C-4CF5-BFB3-B42032287C4B}.Debug|Any CPU.Build.0 = Debug|Any CPU
		{4708D9A8-558C-4CF5-BFB3-B42032287C4B}.Debug|Any CPU.Deploy.0 = Debug|Any CPU
		{4708D9A8-558C-4CF5-BFB3-B42032287C4B}.Debug|iPhone.ActiveCfg = Debug|Any CPU
		{4708D9A8-558C-4CF5-BFB3-B42032287C4B}.Debug|iPhone.Build.0 = Debug|Any CPU
		{4708D9A8-558C-4CF5-BFB3-B42032287C4B}.Debug|iPhone.Deploy.0 = Debug|Any CPU
		{4708D9A8-558C-4CF5-BFB3-B42032287C4B}.Debug|iPhoneSimulator.ActiveCfg = Debug|Any CPU
		{4708D9A8-558C-4CF5-BFB3-B42032287C4B}.Debug|iPhoneSimulator.Build.0 = Debug|Any CPU
		{4708D9A8-558C-4CF5-BFB3-B42032287C4B}.Debug|iPhoneSimulator.Deploy.0 = Debug|Any CPU
		{4708D9A8-558C-4CF5-BFB3-B42032287C4B}.Release|Any CPU.ActiveCfg = Release|Any CPU
		{4708D9A8-558C-4CF5-BFB3-B42032287C4B}.Release|Any CPU.Build.0 = Release|Any CPU
		{4708D9A8-558C-4CF5-BFB3-B42032287C4B}.Release|Any CPU.Deploy.0 = Release|Any CPU
		{4708D9A8-558C-4CF5-BFB3-B42032287C4B}.Release|iPhone.ActiveCfg = Release|Any CPU
		{4708D9A8-558C-4CF5-BFB3-B42032287C4B}.Release|iPhone.Build.0 = Release|Any CPU
		{4708D9A8-558C-4CF5-BFB3-B42032287C4B}.Release|iPhone.Deploy.0 = Release|Any CPU
		{4708D9A8-558C-4CF5-BFB3-B42032287C4B}.Release|iPhoneSimulator.ActiveCfg = Release|Any CPU
		{4708D9A8-558C-4CF5-BFB3-B42032287C4B}.Release|iPhoneSimulator.Build.0 = Release|Any CPU
		{4708D9A8-558C-4CF5-BFB3-B42032287C4B}.Release|iPhoneSimulator.Deploy.0 = Release|Any CPU
		{6E43523C-8FD3-4AEF-BC05-B493D83B90C9}.Ad-Hoc|iPhone.ActiveCfg = Ad-Hoc|iPhone
		{6E43523C-8FD3-4AEF-BC05-B493D83B90C9}.Ad-Hoc|iPhone.Build.0 = Ad-Hoc|iPhone
		{6E43523C-8FD3-4AEF-BC05-B493D83B90C9}.Ad-Hoc|iPhone.Deploy.0 = Ad-Hoc|iPhone
		{6E43523C-8FD3-4AEF-BC05-B493D83B90C9}.AppStore|iPhone.ActiveCfg = AppStore|iPhone
		{6E43523C-8FD3-4AEF-BC05-B493D83B90C9}.AppStore|iPhone.Build.0 = AppStore|iPhone
		{6E43523C-8FD3-4AEF-BC05-B493D83B90C9}.AppStore|iPhone.Deploy.0 = AppStore|iPhone
		{6E43523C-8FD3-4AEF-BC05-B493D83B90C9}.Debug|Any CPU.ActiveCfg = Debug|iPhoneSimulator
		{6E43523C-8FD3-4AEF-BC05-B493D83B90C9}.Debug|Any CPU.Build.0 = Debug|iPhoneSimulator
		{6E43523C-8FD3-4AEF-BC05-B493D83B90C9}.Debug|Any CPU.Deploy.0 = Debug|iPhoneSimulator
		{6E43523C-8FD3-4AEF-BC05-B493D83B90C9}.Debug|iPhone.ActiveCfg = Debug|iPhone
		{6E43523C-8FD3-4AEF-BC05-B493D83B90C9}.Debug|iPhone.Build.0 = Debug|iPhone
		{6E43523C-8FD3-4AEF-BC05-B493D83B90C9}.Debug|iPhone.Deploy.0 = Debug|iPhone
		{6E43523C-8FD3-4AEF-BC05-B493D83B90C9}.Debug|iPhoneSimulator.ActiveCfg = Debug|iPhoneSimulator
		{6E43523C-8FD3-4AEF-BC05-B493D83B90C9}.Debug|iPhoneSimulator.Build.0 = Debug|iPhoneSimulator
		{6E43523C-8FD3-4AEF-BC05-B493D83B90C9}.Debug|iPhoneSimulator.Deploy.0 = Debug|iPhoneSimulator
		{6E43523C-8FD3-4AEF-BC05-B493D83B90C9}.Release|Any CPU.ActiveCfg = Release|iPhoneSimulator
		{6E43523C-8FD3-4AEF-BC05-B493D83B90C9}.Release|Any CPU.Build.0 = Release|iPhoneSimulator
		{6E43523C-8FD3-4AEF-BC05-B493D83B90C9}.Release|Any CPU.Deploy.0 = Release|iPhoneSimulator
		{6E43523C-8FD3-4AEF-BC05-B493D83B90C9}.Release|iPhone.ActiveCfg = Release|iPhone
		{6E43523C-8FD3-4AEF-BC05-B493D83B90C9}.Release|iPhone.Build.0 = Release|iPhone
		{6E43523C-8FD3-4AEF-BC05-B493D83B90C9}.Release|iPhone.Deploy.0 = Release|iPhone
		{6E43523C-8FD3-4AEF-BC05-B493D83B90C9}.Release|iPhoneSimulator.ActiveCfg = Release|iPhoneSimulator
		{6E43523C-8FD3-4AEF-BC05-B493D83B90C9}.Release|iPhoneSimulator.Build.0 = Release|iPhoneSimulator
		{6E43523C-8FD3-4AEF-BC05-B493D83B90C9}.Release|iPhoneSimulator.Deploy.0 = Release|iPhoneSimulator
		{F93E8290-9E03-48CD-B3BF-ACBA11E1C11F}.Ad-Hoc|iPhone.ActiveCfg = Debug|Any CPU
		{F93E8290-9E03-48CD-B3BF-ACBA11E1C11F}.Ad-Hoc|iPhone.Build.0 = Debug|Any CPU
		{F93E8290-9E03-48CD-B3BF-ACBA11E1C11F}.AppStore|iPhone.ActiveCfg = Debug|Any CPU
		{F93E8290-9E03-48CD-B3BF-ACBA11E1C11F}.AppStore|iPhone.Build.0 = Debug|Any CPU
		{F93E8290-9E03-48CD-B3BF-ACBA11E1C11F}.Debug|Any CPU.ActiveCfg = Debug|Any CPU
		{F93E8290-9E03-48CD-B3BF-ACBA11E1C11F}.Debug|Any CPU.Build.0 = Debug|Any CPU
		{F93E8290-9E03-48CD-B3BF-ACBA11E1C11F}.Debug|iPhone.ActiveCfg = Debug|Any CPU
		{F93E8290-9E03-48CD-B3BF-ACBA11E1C11F}.Debug|iPhone.Build.0 = Debug|Any CPU
		{F93E8290-9E03-48CD-B3BF-ACBA11E1C11F}.Debug|iPhoneSimulator.ActiveCfg = Debug|Any CPU
		{F93E8290-9E03-48CD-B3BF-ACBA11E1C11F}.Debug|iPhoneSimulator.Build.0 = Debug|Any CPU
		{F93E8290-9E03-48CD-B3BF-ACBA11E1C11F}.Release|Any CPU.ActiveCfg = Release|Any CPU
		{F93E8290-9E03-48CD-B3BF-ACBA11E1C11F}.Release|Any CPU.Build.0 = Release|Any CPU
		{F93E8290-9E03-48CD-B3BF-ACBA11E1C11F}.Release|iPhone.ActiveCfg = Release|Any CPU
		{F93E8290-9E03-48CD-B3BF-ACBA11E1C11F}.Release|iPhone.Build.0 = Release|Any CPU
		{F93E8290-9E03-48CD-B3BF-ACBA11E1C11F}.Release|iPhoneSimulator.ActiveCfg = Release|Any CPU
		{F93E8290-9E03-48CD-B3BF-ACBA11E1C11F}.Release|iPhoneSimulator.Build.0 = Release|Any CPU
	EndGlobalSection
EndGlobal
