
Microsoft Visual Studio Solution File, Format Version 12.00
Project("{FAE04EC0-301F-11D3-BF4B-00C04F79EFBC}") = "ShellExample", "ShellExample\ShellExample\ShellExample.csproj", "{07E7E13C-7E69-4E1C-A562-C661762AF179}"
EndProject
Project("{FAE04EC0-301F-11D3-BF4B-00C04F79EFBC}") = "ShellExample.Android", "ShellExample\ShellExample.Android\ShellExample.Android.csproj", "{5AB2C23A-BD34-4522-AFDC-68F3087C230F}"
EndProject
Project("{FAE04EC0-301F-11D3-BF4B-00C04F79EFBC}") = "ShellExample.iOS", "ShellExample\ShellExample.iOS\ShellExample.iOS.csproj", "{32DA4F77-7107-4DBC-A4E4-D4A788565884}"
EndProject
Global
	GlobalSection(SolutionConfigurationPlatforms) = preSolution
		Ad-Hoc|iPhone = Ad-Hoc|iPhone
		AppStore|iPhone = AppStore|iPhone
		Debug|Any CPU = Debug|Any CPU
		Debug|iPhone = Debug|iPhone
		Debug|iPhoneSimulator = Debug|iPhoneSimulator
		Release|Any CPU = Release|Any CPU
		Release|iPhone = Release|iPhone
		Release|iPhoneSimulator = Release|iPhoneSimulator
	EndGlobalSection
	GlobalSection(ProjectConfigurationPlatforms) = postSolution
		{07E7E13C-7E69-4E1C-A562-C661762AF179}.Ad-Hoc|iPhone.ActiveCfg = Debug|Any CPU
		{07E7E13C-7E69-4E1C-A562-C661762AF179}.Ad-Hoc|iPhone.Build.0 = Debug|Any CPU
		{07E7E13C-7E69-4E1C-A562-C661762AF179}.AppStore|iPhone.ActiveCfg = Debug|Any CPU
		{07E7E13C-7E69-4E1C-A562-C661762AF179}.AppStore|iPhone.Build.0 = Debug|Any CPU
		{07E7E13C-7E69-4E1C-A562-C661762AF179}.Debug|Any CPU.ActiveCfg = Debug|Any CPU
		{07E7E13C-7E69-4E1C-A562-C661762AF179}.Debug|Any CPU.Build.0 = Debug|Any CPU
		{07E7E13C-7E69-4E1C-A562-C661762AF179}.Debug|iPhone.ActiveCfg = Debug|Any CPU
		{07E7E13C-7E69-4E1C-A562-C661762AF179}.Debug|iPhone.Build.0 = Debug|Any CPU
		{07E7E13C-7E69-4E1C-A562-C661762AF179}.Debug|iPhoneSimulator.ActiveCfg = Debug|Any CPU
		{07E7E13C-7E69-4E1C-A562-C661762AF179}.Debug|iPhoneSimulator.Build.0 = Debug|Any CPU
		{07E7E13C-7E69-4E1C-A562-C661762AF179}.Release|Any CPU.ActiveCfg = Release|Any CPU
		{07E7E13C-7E69-4E1C-A562-C661762AF179}.Release|Any CPU.Build.0 = Release|Any CPU
		{07E7E13C-7E69-4E1C-A562-C661762AF179}.Release|iPhone.ActiveCfg = Release|Any CPU
		{07E7E13C-7E69-4E1C-A562-C661762AF179}.Release|iPhone.Build.0 = Release|Any CPU
		{07E7E13C-7E69-4E1C-A562-C661762AF179}.Release|iPhoneSimulator.ActiveCfg = Release|Any CPU
		{07E7E13C-7E69-4E1C-A562-C661762AF179}.Release|iPhoneSimulator.Build.0 = Release|Any CPU
		{5AB2C23A-BD34-4522-AFDC-68F3087C230F}.Ad-Hoc|iPhone.ActiveCfg = Debug|Any CPU
		{5AB2C23A-BD34-4522-AFDC-68F3087C230F}.Ad-Hoc|iPhone.Build.0 = Debug|Any CPU
		{5AB2C23A-BD34-4522-AFDC-68F3087C230F}.Ad-Hoc|iPhone.Deploy.0 = Debug|Any CPU
		{5AB2C23A-BD34-4522-AFDC-68F3087C230F}.AppStore|iPhone.ActiveCfg = Debug|Any CPU
		{5AB2C23A-BD34-4522-AFDC-68F3087C230F}.AppStore|iPhone.Build.0 = Debug|Any CPU
		{5AB2C23A-BD34-4522-AFDC-68F3087C230F}.AppStore|iPhone.Deploy.0 = Debug|Any CPU
		{5AB2C23A-BD34-4522-AFDC-68F3087C230F}.Debug|Any CPU.ActiveCfg = Debug|Any CPU
		{5AB2C23A-BD34-4522-AFDC-68F3087C230F}.Debug|Any CPU.Build.0 = Debug|Any CPU
		{5AB2C23A-BD34-4522-AFDC-68F3087C230F}.Debug|Any CPU.Deploy.0 = Debug|Any CPU
		{5AB2C23A-BD34-4522-AFDC-68F3087C230F}.Debug|iPhone.ActiveCfg = Debug|Any CPU
		{5AB2C23A-BD34-4522-AFDC-68F3087C230F}.Debug|iPhone.Build.0 = Debug|Any CPU
		{5AB2C23A-BD34-4522-AFDC-68F3087C230F}.Debug|iPhone.Deploy.0 = Debug|Any CPU
		{5AB2C23A-BD34-4522-AFDC-68F3087C230F}.Debug|iPhoneSimulator.ActiveCfg = Debug|Any CPU
		{5AB2C23A-BD34-4522-AFDC-68F3087C230F}.Debug|iPhoneSimulator.Build.0 = Debug|Any CPU
		{5AB2C23A-BD34-4522-AFDC-68F3087C230F}.Debug|iPhoneSimulator.Deploy.0 = Debug|Any CPU
		{5AB2C23A-BD34-4522-AFDC-68F3087C230F}.Release|Any CPU.ActiveCfg = Release|Any CPU
		{5AB2C23A-BD34-4522-AFDC-68F3087C230F}.Release|Any CPU.Build.0 = Release|Any CPU
		{5AB2C23A-BD34-4522-AFDC-68F3087C230F}.Release|Any CPU.Deploy.0 = Release|Any CPU
		{5AB2C23A-BD34-4522-AFDC-68F3087C230F}.Release|iPhone.ActiveCfg = Release|Any CPU
		{5AB2C23A-BD34-4522-AFDC-68F3087C230F}.Release|iPhone.Build.0 = Release|Any CPU
		{5AB2C23A-BD34-4522-AFDC-68F3087C230F}.Release|iPhone.Deploy.0 = Release|Any CPU
		{5AB2C23A-BD34-4522-AFDC-68F3087C230F}.Release|iPhoneSimulator.ActiveCfg = Release|Any CPU
		{5AB2C23A-BD34-4522-AFDC-68F3087C230F}.Release|iPhoneSimulator.Build.0 = Release|Any CPU
		{5AB2C23A-BD34-4522-AFDC-68F3087C230F}.Release|iPhoneSimulator.Deploy.0 = Release|Any CPU
		{32DA4F77-7107-4DBC-A4E4-D4A788565884}.Ad-Hoc|iPhone.ActiveCfg = Ad-Hoc|iPhone
		{32DA4F77-7107-4DBC-A4E4-D4A788565884}.Ad-Hoc|iPhone.Build.0 = Ad-Hoc|iPhone
		{32DA4F77-7107-4DBC-A4E4-D4A788565884}.Ad-Hoc|iPhone.Deploy.0 = Ad-Hoc|iPhone
		{32DA4F77-7107-4DBC-A4E4-D4A788565884}.AppStore|iPhone.ActiveCfg = AppStore|iPhone
		{32DA4F77-7107-4DBC-A4E4-D4A788565884}.AppStore|iPhone.Build.0 = AppStore|iPhone
		{32DA4F77-7107-4DBC-A4E4-D4A788565884}.AppStore|iPhone.Deploy.0 = AppStore|iPhone
		{32DA4F77-7107-4DBC-A4E4-D4A788565884}.Debug|Any CPU.ActiveCfg = Debug|iPhoneSimulator
		{32DA4F77-7107-4DBC-A4E4-D4A788565884}.Debug|Any CPU.Build.0 = Debug|iPhoneSimulator
		{32DA4F77-7107-4DBC-A4E4-D4A788565884}.Debug|Any CPU.Deploy.0 = Debug|iPhoneSimulator
		{32DA4F77-7107-4DBC-A4E4-D4A788565884}.Debug|iPhone.ActiveCfg = Debug|iPhone
		{32DA4F77-7107-4DBC-A4E4-D4A788565884}.Debug|iPhone.Build.0 = Debug|iPhone
		{32DA4F77-7107-4DBC-A4E4-D4A788565884}.Debug|iPhone.Deploy.0 = Debug|iPhone
		{32DA4F77-7107-4DBC-A4E4-D4A788565884}.Debug|iPhoneSimulator.ActiveCfg = Debug|iPhoneSimulator
		{32DA4F77-7107-4DBC-A4E4-D4A788565884}.Debug|iPhoneSimulator.Build.0 = Debug|iPhoneSimulator
		{32DA4F77-7107-4DBC-A4E4-D4A788565884}.Debug|iPhoneSimulator.Deploy.0 = Debug|iPhoneSimulator
		{32DA4F77-7107-4DBC-A4E4-D4A788565884}.Release|Any CPU.ActiveCfg = Release|iPhoneSimulator
		{32DA4F77-7107-4DBC-A4E4-D4A788565884}.Release|Any CPU.Build.0 = Release|iPhoneSimulator
		{32DA4F77-7107-4DBC-A4E4-D4A788565884}.Release|Any CPU.Deploy.0 = Release|iPhoneSimulator
		{32DA4F77-7107-4DBC-A4E4-D4A788565884}.Release|iPhone.ActiveCfg = Release|iPhone
		{32DA4F77-7107-4DBC-A4E4-D4A788565884}.Release|iPhone.Build.0 = Release|iPhone
		{32DA4F77-7107-4DBC-A4E4-D4A788565884}.Release|iPhone.Deploy.0 = Release|iPhone
		{32DA4F77-7107-4DBC-A4E4-D4A788565884}.Release|iPhoneSimulator.ActiveCfg = Release|iPhoneSimulator
		{32DA4F77-7107-4DBC-A4E4-D4A788565884}.Release|iPhoneSimulator.Build.0 = Release|iPhoneSimulator
		{32DA4F77-7107-4DBC-A4E4-D4A788565884}.Release|iPhoneSimulator.Deploy.0 = Release|iPhoneSimulator
	EndGlobalSection
EndGlobal
